
Microsoft Visual Studio Solution File, Format Version 12.00
# Visual Studio 15
VisualStudioVersion = 15.0.28307.421
MinimumVisualStudioVersion = 10.0.40219.1
Project("{FAE04EC0-301F-11D3-BF4B-00C04F79EFBC}") = "Lab1", "Lab1\Lab1.csproj", "{E8E84737-EED6-4518-A5D0-E8FD1AE5FC36}"
EndProject
Global
	GlobalSection(SolutionConfigurationPlatforms) = preSolution
		Debug|Any CPU = Debug|Any CPU
		Release|Any CPU = Release|Any CPU
	EndGlobalSection
	GlobalSection(ProjectConfigurationPlatforms) = postSolution
		{E8E84737-EED6-4518-A5D0-E8FD1AE5FC36}.Debug|Any CPU.ActiveCfg = Debug|Any CPU
		{E8E84737-EED6-4518-A5D0-E8FD1AE5FC36}.Debug|Any CPU.Build.0 = Debug|Any CPU
		{E8E84737-EED6-4518-A5D0-E8FD1AE5FC36}.Release|Any CPU.ActiveCfg = Release|Any CPU
		{E8E84737-EED6-4518-A5D0-E8FD1AE5FC36}.Release|Any CPU.Build.0 = Release|Any CPU
	EndGlobalSection
	GlobalSection(SolutionProperties) = preSolution
		HideSolutionNode = FALSE
	EndGlobalSection
	GlobalSection(ExtensibilityGlobals) = postSolution
		SolutionGuid = {6FCC1BF5-A933-47F1-AC29-FE6BA2D0E916}
	EndGlobalSection
EndGlobal
